github.com/nats-io/nats.go v1.11.0 h1:L263PZkrmkRJRJT2YHU8GwWWvEvmr9/LUKuJTXsF32k=
github.com/nats-io/nats.go v1.11.0/go.mod h1:BPko4oXsySz4aSWeFgOHLZs3G4Jq4ZAyE6/zMCxRT6w=
github.com/nats-io/nkeys v0.3.0 h1:cgM5tL53EvYRU+2YLXIK0G2mJtK12Ft9oeooSZMA2G8=
github.com/nats-io/nkeys v0.3.0/go.mod h1:gvUNGjVcM2IPr5rCsRsC6Wb3Hr2CQAm08dsxtV6A5y4=
github.com/nats-io/nuid v1.0.1 h1:5iA8DT8V7q8WK2EScv2padNa/rTESc1KdnPw4TC2paw=
github.com/nats-io/nuid v1.0.1/go.mod h1:19wcPz3Ph3q0Jbyiqsd0kePYG7A95tJPxeL+1OSON2c=
github.com/stewelarend/config v0.0.0-20210505180553-bc058bfe0bb8 h1:k2hlq7j3vRSUBxcQEkvkUI/TdmlgxL3gCtd7jqDph7k=
github.com/stewelarend/config v0.0.0-20210505180553-bc058bfe0bb8/go.mod h1:xE3u9bVcaJ5edFGIlw4d//hYIVNm23do7y/67+yrYNI=
github.com/stewelarend/config v0.0.2 h1:yXCew1XXkpJg6hiH8q6Uicw1BiT75M3lRwJhDVR286Q=
github.com/stewelarend/config v0.0.2/go.mod h1:vZwHXamy+CCI2JHQzMT9QuO5xoK5HFjOAA6hA6CLeYU=
github.com/stewelarend/logger v0.0.1 h1:1SG1ZTz2VlPevGzJN5nEmegeBD2q/JzwejVR+ID9cSs=
github.com/stewelarend/logger v0.0.1/go.mod h1:9N9cjtsb9vHO+Noy17MDNMmH4fL1jBpGJ2HIxQyljvo=
github.com/stewelarend/util v0.0.2-0.20210507172454-904067efd2d4 h1:JlCsYKWLMSZzqQHIrT8xC7HhOp+N4GmjjxNX6qNixJk=
github.com/stewelarend/util v0.0.2-0.20210507172454-904067efd2d4/go.mod h1:OXfy3m1gNx2RmTNj7+AEciHq9awOJ307vyrjezCsR6Q=
github.com/stewelarend/util v0.0.3 h1:ibEsl9qGU1TC12d8YeSSxw54iMlxmqrQ/Nr2biKaKPI=
github.com/stewelarend/util v0.0.3/go.mod h1:OXfy3m1gNx2RmTNj7+AEciHq9awOJ307vyrjezCsR6Q=
golang.org/x/crypto v0.0.0-20210314154223-e6e6c4f2bb5b h1:wSOdpTq0/eI46Ez/LkDwIsAKA71YP2SRKBODiRWM0as=
golang.org/x/crypto v0.0.0-20210314154223-e6e6c4f2bb5b/go.mod h1:T9bdIzuCu7OtxOm1hfPfRQxPLYneinmdGuTeoZ9dtd4=
golang.org/x/net v0.0.0-20210226172049-e18ecbb05110 h1:qWPm9rbaAMKs8Bq/9LRpbMqxWRVUAQwMI9fVrssnTfw=
golang.org/x/net v0.0.0-20210226172049-e18ecbb05110/go.mod h1:m0MpNAwzfU5UDzcl9v0D8zg8gWTRqZa9RBIspLL5mdg=
golang.org/x/sys v0.0.0-20201119102817-f84b799fce68 h1:nxC68pudNYkKU6jWhgrqdreuFiOQWj1Fs7T3VrH4Pjw=
golang.org/x/sys v0.0.0-20201119102817-f84b799fce68/go.mod h1:h1NjWce9XRLGQEsW7wpKNCjG9DtNlClVuFLEZdDNbEs=
golang.org/x/term v0.0.0-20201126162022-7de9c90e9dd1 h1:v+OssWQX+hTHEmOBgwxdZxK4zHq3yOs8F9J7mk0PY8E=
golang.org/x/term v0.0.0-20201126162022-7de9c90e9dd1/go.mod h1:bj7SfCRtBDWHUb9snDiAeCFNEtKQo2Wmx5Cou7ajbmo=
golang.org/x/text v0.3.3 h1:cokOdA+Jmi5PJGXLlLllQSgYigAEfHXJAERHVMaCc2k=
golang.org/x/text v0.3.3/go.mod h1:5Zoc/QRtKVWzQhOtBMvqHzDpF6irO9z98xDceosuGiQ=
golang.org/x/tools v0.0.0-20180917221912-90fa682c2a6e h1:FDhOuMEY4JVRztM/gsbk+IKUQ8kj74bxZrgw87eMMVc=
golang.org/x/tools v0.0.0-20180917221912-90fa682c2a6e/go.mod h1:n7NCudcB/nEzxVGmLbDWY5pfWTLqBcC2KZ6jyYvM4mQ=
gopkg.in/check.v1 v0.0.0-20161208181325-20d25e280405 h1:yhCVgyC4o1eVCa2tZl7eS0r+SDo693bJlVdllGtEeKM=
gopkg.in/check.v1 v0.0.0-20161208181325-20d25e280405/go.mod h1:Co6ibVJAznAaIkqp8huTwlJQCZ016jof/cbN4VW5Yz0=
gopkg.in/yaml.v2 v2.4.0 h1:D8xgwECY7CYvx+Y2n4sBz93Jn9JRvxdiyyo8CTfuKaY=
gopkg.in/yaml.v2 v2.4.0/go.mod h1:RDklbk79AGWmwhnvt/jBztapEOGDOx6ZbXqjP6csGnQ=
